
Microsoft Visual Studio Solution File, Format Version 12.00
# Visual Studio 15
VisualStudioVersion = 15.0.27130.2027
MinimumVisualStudioVersion = 10.0.40219.1
Project("{8BC9CEB8-8B4A-11D0-8D11-00A0C91BC942}") = "HelloWorld", "HelloWorld.vcxproj", "{E206FF00-E5E1-414A-8264-9DCB7536490C}"
EndProject
Global
	GlobalSection(SolutionConfigurationPlatforms) = preSolution
		Debug|x64 = Debug|x64
		Debug|x86 = Debug|x86
		Release|x64 = Release|x64
		Release|x86 = Release|x86
	EndGlobalSection
	GlobalSection(ProjectConfigurationPlatforms) = postSolution
		{E206FF00-E5E1-414A-8264-9DCB7536490C}.Debug|x64.ActiveCfg = Debug|x64
		{E206FF00-E5E1-414A-8264-9DCB7536490C}.Debug|x64.Build.0 = Debug|x64
		{E206FF00-E5E1-414A-8264-9DCB7536490C}.Debug|x86.ActiveCfg = Debug|Win32
		{E206FF00-E5E1-414A-8264-9DCB7536490C}.Debug|x86.Build.0 = Debug|Win32
		{E206FF00-E5E1-414A-8264-9DCB7536490C}.Release|x64.ActiveCfg = Release|x64
		{E206FF00-E5E1-414A-8264-9DCB7536490C}.Release|x64.Build.0 = Release|x64
		{E206FF00-E5E1-414A-8264-9DCB7536490C}.Release|x86.ActiveCfg = Release|Win32
		{E206FF00-E5E1-414A-8264-9DCB7536490C}.Release|x86.Build.0 = Release|Win32
	EndGlobalSection
	GlobalSection(SolutionProperties) = preSolution
		HideSolutionNode = FALSE
	EndGlobalSection
	GlobalSection(ExtensibilityGlobals) = postSolution
		SolutionGuid = {386BFC8A-AA44-43F2-8115-F396F256B3A8}
	EndGlobalSection
EndGlobal
